// !$*UTF8*$!
{
	archiveVersion = 1;
	classes = {
	};
	objectVersion = 77;
	objects = {

/* Begin PBXBuildFile section */
		C4C14D1E2FE4EE3F00302452 /* vd.c in Sources */ = {isa = PBXBuildFile; fileRef = C4C14D1B2FE4EE3F00302452 /* vd.c */; };
/* End PBXBuildFile section */

/* Begin PBXContainerItemProxy section */
		C4C14CD52FE4A1A700302452 /* PBXContainerItemProxy */ = {
			isa = PBXContainerItemProxy;
			containerPortal = C4C14CBF2FE4A1A600302452 /* Project object */;
			proxyType = 1;
			remoteGlobalIDString = C4C14CC62FE4A1A600302452;
			remoteInfo = Squeeze;
		};
		C4C14CDF2FE4A1A700302452 /* PBXContainerItemProxy */ = {
			isa = PBXContainerItemProxy;
			containerPortal = C4C14CBF2FE4A1A600302452 /* Project object */;
			proxyType = 1;
			remoteGlobalIDString = C4C14CC62FE4A1A600302452;
			remoteInfo = Squeeze;
		};
/* End PBXContainerItemProxy section */

/* Begin PBXFileReference section */
		C4C14CC72FE4A1A600302452 /* Squeeze.app */ = {isa = PBXFileReference; explicitFileType = wrapper.application; includeInIndex = 0; path = Squeeze.app; sourceTree = BUILT_PRODUCTS_DIR; };
		C4C14CD42FE4A1A700302452 /* SqueezeTests.xctest */ = {isa = PBXFileReference; explicitFileType = wrapper.cfbundle; includeInIndex = 0; path = SqueezeTests.xctest; sourceTree = BUILT_PRODUCTS_DIR; };
		C4C14CDE2FE4A1A700302452 /* SqueezeUITests.xctest */ = {isa = PBXFileReference; explicitFileType = wrapper.cfbundle; includeInIndex = 0; path = SqueezeUITests.xctest; sourceTree = BUILT_PRODUCTS_DIR; };
		C4C14D1A2FE4EE3F00302452 /* vd.h */ = {isa = PBXFileReference; lastKnownFileType = sourcecode.c.h; path = vd.h; sourceTree = "<group>"; };
		C4C14D1B2FE4EE3F00302452 /* vd.c */ = {isa = PBXFileReference; lastKnownFileType = sourcecode.c.c; path = vd.c; sourceTree = "<group>"; };
/* End PBXFileReference section */

/* Begin PBXFileSystemSynchronizedRootGroup section */
		C4C14CC92FE4A1A600302452 /* Squeeze */ = {
			isa = PBXFileSystemSynchronizedRootGroup;
			path = Squeeze;
			sourceTree = "<group>";
		};
		C4C14CD72FE4A1A700302452 /* SqueezeTests */ = {
			isa = PBXFileSystemSynchronizedRootGroup;
			path = SqueezeTests;
			sourceTree = "<group>";
		};
		C4C14CE12FE4A1A700302452 /* SqueezeUITests */ = {
			isa = PBXFileSystemSynchronizedRootGroup;
			path = SqueezeUITests;
			sourceTree = "<group>";
		};
/* End PBXFileSystemSynchronizedRootGroup section */

/* Begin PBXFrameworksBuildPhase section */
		C4C14CC42FE4A1A600302452 /* Frameworks */ = {
			isa = PBXFrameworksBuildPhase;
			buildActionMask = 2147483647;
			files = (
			);
			runOnlyForDeploymentPostprocessing = 0;
		};
		C4C14CD12FE4A1A700302452 /* Frameworks */ = {
			isa = PBXFrameworksBuildPhase;
			buildActionMask = 2147483647;
			files = (
			);
			runOnlyForDeploymentPostprocessing = 0;
		};
		C4C14CDB2FE4A1A700302452 /* Frameworks */ = {
			isa = PBXFrameworksBuildPhase;
			buildActionMask = 2147483647;
			files = (
			);
			runOnlyForDeploymentPostprocessing = 0;
		};
/* End PBXFrameworksBuildPhase section */

/* Begin PBXGroup section */
		C4C14CBE2FE4A1A600302452 = {
			isa = PBXGroup;
			children = (
				C4C14D1C2FE4EE3F00302452 /* shim */,
				C4C14CC92FE4A1A600302452 /* Squeeze */,
				C4C14CD72FE4A1A700302452 /* SqueezeTests */,
				C4C14CE12FE4A1A700302452 /* SqueezeUITests */,
				C4C14CC82FE4A1A600302452 /* Products */,
			);
			sourceTree = "<group>";
		};
		C4C14CC82FE4A1A600302452 /* Products */ = {
			isa = PBXGroup;
			children = (
				C4C14CC72FE4A1A600302452 /* Squeeze.app */,
				C4C14CD42FE4A1A700302452 /* SqueezeTests.xctest */,
				C4C14CDE2FE4A1A700302452 /* SqueezeUITests.xctest */,
			);
			name = Products;
			sourceTree = "<group>";
		};
		C4C14D1C2FE4EE3F00302452 /* shim */ = {
			isa = PBXGroup;
			children = (
				C4C14D1A2FE4EE3F00302452 /* vd.h */,
				C4C14D1B2FE4EE3F00302452 /* vd.c */,
			);
			name = shim;
			path = /Users/hector/code/squeeze/core/shim;
			sourceTree = "<absolute>";
		};
/* End PBXGroup section */

/* Begin PBXNativeTarget section */
		C4C14CC62FE4A1A600302452 /* Squeeze */ = {
			isa = PBXNativeTarget;
			buildConfigurationList = C4C14CE82FE4A1A700302452 /* Build configuration list for PBXNativeTarget "Squeeze" */;
			buildPhases = (
				C4C14D182FE4E63600302452 /* Build Odin Core */,
				C4C14CC32FE4A1A600302452 /* Sources */,
				C4C14CC42FE4A1A600302452 /* Frameworks */,
				C4C14CC52FE4A1A600302452 /* Resources */,
			);
			buildRules = (
			);
			dependencies = (
			);
			fileSystemSynchronizedGroups = (
				C4C14CC92FE4A1A600302452 /* Squeeze */,
			);
			name = Squeeze;
			packageProductDependencies = (
			);
			productName = Squeeze;
			productReference = C4C14CC72FE4A1A600302452 /* Squeeze.app */;
			productType = "com.apple.product-type.application";
		};
		C4C14CD32FE4A1A700302452 /* SqueezeTests */ = {
			isa = PBXNativeTarget;
			buildConfigurationList = C4C14CEB2FE4A1A700302452 /* Build configuration list for PBXNativeTarget "SqueezeTests" */;
			buildPhases = (
				C4C14CD02FE4A1A700302452 /* Sources */,
				C4C14CD12FE4A1A700302452 /* Frameworks */,
				C4C14CD22FE4A1A700302452 /* Resources */,
			);
			buildRules = (
			);
			dependencies = (
				C4C14CD62FE4A1A700302452 /* PBXTargetDependency */,
			);
			fileSystemSynchronizedGroups = (
				C4C14CD72FE4A1A700302452 /* SqueezeTests */,
			);
			name = SqueezeTests;
			packageProductDependencies = (
			);
			productName = SqueezeTests;
			productReference = C4C14CD42FE4A1A700302452 /* SqueezeTests.xctest */;
			productType = "com.apple.product-type.bundle.unit-test";
		};
		C4C14CDD2FE4A1A700302452 /* SqueezeUITests */ = {
			isa = PBXNativeTarget;
			buildConfigurationList = C4C14CEE2FE4A1A700302452 /* Build configuration list for PBXNativeTarget "SqueezeUITests" */;
			buildPhases = (
				C4C14CDA2FE4A1A700302452 /* Sources */,
				C4C14CDB2FE4A1A700302452 /* Frameworks */,
				C4C14CDC2FE4A1A700302452 /* Resources */,
			);
			buildRules = (
			);
			dependencies = (
				C4C14CE02FE4A1A700302452 /* PBXTargetDependency */,
			);
			fileSystemSynchronizedGroups = (
				C4C14CE12FE4A1A700302452 /* SqueezeUITests */,
			);
			name = SqueezeUITests;
			packageProductDependencies = (
			);
			productName = SqueezeUITests;
			productReference = C4C14CDE2FE4A1A700302452 /* SqueezeUITests.xctest */;
			productType = "com.apple.product-type.bundle.ui-testing";
		};
/* End PBXNativeTarget section */

/* Begin PBXProject section */
		C4C14CBF2FE4A1A600302452 /* Project object */ = {
			isa = PBXProject;
			attributes = {
				BuildIndependentTargetsInParallel = 1;
				LastSwiftUpdateCheck = 2640;
				LastUpgradeCheck = 2640;
				TargetAttributes = {
					C4C14CC62FE4A1A600302452 = {
						CreatedOnToolsVersion = 26.4;
					};
					C4C14CD32FE4A1A700302452 = {
						CreatedOnToolsVersion = 26.4;
						TestTargetID = C4C14CC62FE4A1A600302452;
					};
					C4C14CDD2FE4A1A700302452 = {
						CreatedOnToolsVersion = 26.4;
						TestTargetID = C4C14CC62FE4A1A600302452;
					};
				};
			};
			buildConfigurationList = C4C14CC22FE4A1A600302452 /* Build configuration list for PBXProject "Squeeze" */;
			developmentRegion = en;
			hasScannedForEncodings = 0;
			knownRegions = (
				en,
				Base,
			);
			mainGroup = C4C14CBE2FE4A1A600302452;
			minimizedProjectReferenceProxies = 1;
			preferredProjectObjectVersion = 77;
			productRefGroup = C4C14CC82FE4A1A600302452 /* Products */;
			projectDirPath = "";
			projectRoot = "";
			targets = (
				C4C14CC62FE4A1A600302452 /* Squeeze */,
				C4C14CD32FE4A1A700302452 /* SqueezeTests */,
				C4C14CDD2FE4A1A700302452 /* SqueezeUITests */,
			);
		};
/* End PBXProject section */

/* Begin PBXResourcesBuildPhase section */
		C4C14CC52FE4A1A600302452 /* Resources */ = {
			isa = PBXResourcesBuildPhase;
			buildActionMask = 2147483647;
			files = (
			);
			runOnlyForDeploymentPostprocessing = 0;
		};
		C4C14CD22FE4A1A700302452 /* Resources */ = {
			isa = PBXResourcesBuildPhase;
			buildActionMask = 2147483647;
			files = (
			);
			runOnlyForDeploymentPostprocessing = 0;
		};
		C4C14CDC2FE4A1A700302452 /* Resources */ = {
			isa = PBXResourcesBuildPhase;
			buildActionMask = 2147483647;
			files = (
			);
			runOnlyForDeploymentPostprocessing = 0;
		};
/* End PBXResourcesBuildPhase section */

/* Begin PBXShellScriptBuildPhase section */
		C4C14D182FE4E63600302452 /* Build Odin Core */ = {
			isa = PBXShellScriptBuildPhase;
			buildActionMask = 2147483647;
			files = (
			);
			inputFileListPaths = (
			);
			inputPaths = (
			);
			name = "Build Odin Core";
			outputFileListPaths = (
			);
			outputPaths = (
				"$(BUILT_PRODUCTS_DIR)/libsqueeze_core.a",
			);
			runOnlyForDeploymentPostprocessing = 0;
			shellPath = /bin/sh;
			shellScript = "# Type a script or drag a script file from your workspace to insert its path.\n/Users/hector/code/squeeze/scripts/build_odin_core.sh\n";
		};
/* End PBXShellScriptBuildPhase section */

/* Begin PBXSourcesBuildPhase section */
		C4C14CC32FE4A1A600302452 /* Sources */ = {
			isa = PBXSourcesBuildPhase;
			buildActionMask = 2147483647;
			files = (
				C4C14D1E2FE4EE3F00302452 /* vd.c in Sources */,
			);
			runOnlyForDeploymentPostprocessing = 0;
		};
		C4C14CD02FE4A1A700302452 /* Sources */ = {
			isa = PBXSourcesBuildPhase;
			buildActionMask = 2147483647;
			files = (
			);
			runOnlyForDeploymentPostprocessing = 0;
		};
		C4C14CDA2FE4A1A700302452 /* Sources */ = {
			isa = PBXSourcesBuildPhase;
			buildActionMask = 2147483647;
			files = (
			);
			runOnlyForDeploymentPostprocessing = 0;
		};
/* End PBXSourcesBuildPhase section */

/* Begin PBXTargetDependency section */
		C4C14CD62FE4A1A700302452 /* PBXTargetDependency */ = {
			isa = PBXTargetDependency;
			target = C4C14CC62FE4A1A600302452 /* Squeeze */;
			targetProxy = C4C14CD52FE4A1A700302452 /* PBXContainerItemProxy */;
		};
		C4C14CE02FE4A1A700302452 /* PBXTargetDependency */ = {
			isa = PBXTargetDependency;
			target = C4C14CC62FE4A1A600302452 /* Squeeze */;
			targetProxy = C4C14CDF2FE4A1A700302452 /* PBXContainerItemProxy */;
		};
/* End PBXTargetDependency section */

/* Begin XCBuildConfiguration section */
		C4C14CE62FE4A1A700302452 /* Debug */ = {
			isa = XCBuildConfiguration;
			buildSettings = {
				ALWAYS_SEARCH_USER_PATHS = NO;
				ASSETCATALOG_COMPILER_GENERATE_SWIFT_ASSET_SYMBOL_EXTENSIONS = YES;
				CLANG_ANALYZER_NONNULL = YES;
				CLANG_ANALYZER_NUMBER_OBJECT_CONVERSION = YES_AGGRESSIVE;
				CLANG_CXX_LANGUAGE_STANDARD = "gnu++20";
				CLANG_ENABLE_MODULES = YES;
				CLANG_ENABLE_OBJC_ARC = YES;
				CLANG_ENABLE_OBJC_WEAK = YES;
				CLANG_WARN_BLOCK_CAPTURE_AUTORELEASING = YES;
				CLANG_WARN_BOOL_CONVERSION = YES;
				CLANG_WARN_COMMA = YES;
				CLANG_WARN_CONSTANT_CONVERSION = YES;
				CLANG_WARN_DEPRECATED_OBJC_IMPLEMENTATIONS = YES;
				CLANG_WARN_DIRECT_OBJC_ISA_USAGE = YES_ERROR;
				CLANG_WARN_DOCUMENTATION_COMMENTS = YES;
				CLANG_WARN_EMPTY_BODY = YES;
				CLANG_WARN_ENUM_CONVERSION = YES;
				CLANG_WARN_INFINITE_RECURSION = YES;
				CLANG_WARN_INT_CONVERSION = YES;
				CLANG_WARN_NON_LITERAL_NULL_CONVERSION = YES;
				CLANG_WARN_OBJC_IMPLICIT_RETAIN_SELF = YES;
				CLANG_WARN_OBJC_LITERAL_CONVERSION = YES;
				CLANG_WARN_OBJC_ROOT_CLASS = YES_ERROR;
				CLANG_WARN_QUOTED_INCLUDE_IN_FRAMEWORK_HEADER = YES;
				CLANG_WARN_RANGE_LOOP_ANALYSIS = YES;
				CLANG_WARN_STRICT_PROTOTYPES = YES;
				CLANG_WARN_SUSPICIOUS_MOVE = YES;
				CLANG_WARN_UNGUARDED_AVAILABILITY = YES_AGGRESSIVE;
				CLANG_WARN_UNREACHABLE_CODE = YES;
				CLANG_WARN__DUPLICATE_METHOD_MATCH = YES;
				COPY_PHASE_STRIP = NO;
				DEBUG_INFORMATION_FORMAT = dwarf;
				DEVELOPMENT_TEAM = 28H8VNDZM2;
				ENABLE_STRICT_OBJC_MSGSEND = YES;
				ENABLE_TESTABILITY = YES;
				ENABLE_USER_SCRIPT_SANDBOXING = YES;
				GCC_C_LANGUAGE_STANDARD = gnu17;
				GCC_DYNAMIC_NO_PIC = NO;
				GCC_NO_COMMON_BLOCKS = YES;
				GCC_OPTIMIZATION_LEVEL = 0;
				GCC_PREPROCESSOR_DEFINITIONS = (
					"DEBUG=1",
					"$(inherited)",
				);
				GCC_WARN_64_TO_32_BIT_CONVERSION = YES;
				GCC_WARN_ABOUT_RETURN_TYPE = YES_ERROR;
				GCC_WARN_UNDECLARED_SELECTOR = YES;
				GCC_WARN_UNINITIALIZED_AUTOS = YES_AGGRESSIVE;
				GCC_WARN_UNUSED_FUNCTION = YES;
				GCC_WARN_UNUSED_VARIABLE = YES;
				IPHONEOS_DEPLOYMENT_TARGET = 26.4;
				LOCALIZATION_PREFERS_STRING_CATALOGS = YES;
				MTL_ENABLE_DEBUG_INFO = INCLUDE_SOURCE;
				MTL_FAST_MATH = YES;
				ONLY_ACTIVE_ARCH = YES;
				SDKROOT = iphoneos;
				SWIFT_ACTIVE_COMPILATION_CONDITIONS = "DEBUG $(inherited)";
				SWIFT_OPTIMIZATION_LEVEL = "-Onone";
			};
			name = Debug;
		};
		C4C14CE72FE4A1A700302452 /* Release */ = {
			isa = XCBuildConfiguration;
			buildSettings = {
				ALWAYS_SEARCH_USER_PATHS = NO;
				ASSETCATALOG_COMPILER_GENERATE_SWIFT_ASSET_SYMBOL_EXTENSIONS = YES;
				CLANG_ANALYZER_NONNULL = YES;
				CLANG_ANALYZER_NUMBER_OBJECT_CONVERSION = YES_AGGRESSIVE;
				CLANG_CXX_LANGUAGE_STANDARD = "gnu++20";
				CLANG_ENABLE_MODULES = YES;
				CLANG_ENABLE_OBJC_ARC = YES;
				CLANG_ENABLE_OBJC_WEAK = YES;
				CLANG_WARN_BLOCK_CAPTURE_AUTORELEASING = YES;
				CLANG_WARN_BOOL_CONVERSION = YES;
				CLANG_WARN_COMMA = YES;
				CLANG_WARN_CONSTANT_CONVERSION = YES;
				CLANG_WARN_DEPRECATED_OBJC_IMPLEMENTATIONS = YES;
				CLANG_WARN_DIRECT_OBJC_ISA_USAGE = YES_ERROR;
				CLANG_WARN_DOCUMENTATION_COMMENTS = YES;
				CLANG_WARN_EMPTY_BODY = YES;
				CLANG_WARN_ENUM_CONVERSION = YES;
				CLANG_WARN_INFINITE_RECURSION = YES;
				CLANG_WARN_INT_CONVERSION = YES;
				CLANG_WARN_NON_LITERAL_NULL_CONVERSION = YES;
				CLANG_WARN_OBJC_IMPLICIT_RETAIN_SELF = YES;
				CLANG_WARN_OBJC_LITERAL_CONVERSION = YES;
				CLANG_WARN_OBJC_ROOT_CLASS = YES_ERROR;
				CLANG_WARN_QUOTED_INCLUDE_IN_FRAMEWORK_HEADER = YES;
				CLANG_WARN_RANGE_LOOP_ANALYSIS = YES;
				CLANG_WARN_STRICT_PROTOTYPES = YES;
				CLANG_WARN_SUSPICIOUS_MOVE = YES;
				CLANG_WARN_UNGUARDED_AVAILABILITY = YES_AGGRESSIVE;
				CLANG_WARN_UNREACHABLE_CODE = YES;
				CLANG_WARN__DUPLICATE_METHOD_MATCH = YES;
				COPY_PHASE_STRIP = NO;
				DEBUG_INFORMATION_FORMAT = "dwarf-with-dsym";
				DEVELOPMENT_TEAM = 28H8VNDZM2;
				ENABLE_NS_ASSERTIONS = NO;
				ENABLE_STRICT_OBJC_MSGSEND = YES;
				ENABLE_USER_SCRIPT_SANDBOXING = YES;
				GCC_C_LANGUAGE_STANDARD = gnu17;
				GCC_NO_COMMON_BLOCKS = YES;
				GCC_WARN_64_TO_32_BIT_CONVERSION = YES;
				GCC_WARN_ABOUT_RETURN_TYPE = YES_ERROR;
				GCC_WARN_UNDECLARED_SELECTOR = YES;
				GCC_WARN_UNINITIALIZED_AUTOS = YES_AGGRESSIVE;
				GCC_WARN_UNUSED_FUNCTION = YES;
				GCC_WARN_UNUSED_VARIABLE = YES;
				IPHONEOS_DEPLOYMENT_TARGET = 26.4;
				LOCALIZATION_PREFERS_STRING_CATALOGS = YES;
				MTL_ENABLE_DEBUG_INFO = NO;
				MTL_FAST_MATH = YES;
				SDKROOT = iphoneos;
				SWIFT_COMPILATION_MODE = wholemodule;
				VALIDATE_PRODUCT = YES;
			};
			name = Release;
		};
		C4C14CE92FE4A1A700302452 /* Debug */ = {
			isa = XCBuildConfiguration;
			buildSettings = {
				ASSETCATALOG_COMPILER_APPICON_NAME = AppIcon;
				ASSETCATALOG_COMPILER_GLOBAL_ACCENT_COLOR_NAME = AccentColor;
				CODE_SIGN_STYLE = Automatic;
				CURRENT_PROJECT_VERSION = 1;
				DEVELOPMENT_TEAM = 28H8VNDZM2;
				ENABLE_PREVIEWS = YES;
				ENABLE_USER_SCRIPT_SANDBOXING = NO;
				GENERATE_INFOPLIST_FILE = YES;
				HEADER_SEARCH_PATHS = "$(SRCROOT)/../../";
				INFOPLIST_KEY_LSApplicationCategoryType = "public.app-category.utilities";
				INFOPLIST_KEY_NSPhotoLibraryUsageDescription = "Squeeze needs access to your photo library to browse and work with your media.";
				INFOPLIST_KEY_UIApplicationSceneManifest_Generation = YES;
				INFOPLIST_KEY_UIApplicationSupportsIndirectInputEvents = YES;
				INFOPLIST_KEY_UILaunchScreen_Generation = YES;
				"INFOPLIST_KEY_UIStatusBarStyle[sdk=iphoneos*]" = UIStatusBarStyleDefault;
				"INFOPLIST_KEY_UIStatusBarStyle[sdk=iphonesimulator*]" = UIStatusBarStyleDefault;
				INFOPLIST_KEY_UISupportedInterfaceOrientations_iPad = "UIInterfaceOrientationPortrait UIInterfaceOrientationPortraitUpsideDown UIInterfaceOrientationLandscapeLeft UIInterfaceOrientationLandscapeRight";
				INFOPLIST_KEY_UISupportedInterfaceOrientations_iPhone = "UIInterfaceOrientationPortrait UIInterfaceOrientationLandscapeLeft UIInterfaceOrientationLandscapeRight";
				LD_RUNPATH_SEARCH_PATHS = (
					"$(inherited)",
					"@executable_path/Frameworks",
				);
				LIBRARY_SEARCH_PATHS = "$(BUILT_PRODUCTS_DIR)";
				MARKETING_VERSION = 1.0;
				OTHER_LDFLAGS = "-lsqueeze_core";
				PRODUCT_BUNDLE_IDENTIFIER = com.caquilloapps.Squeeze;
				PRODUCT_NAME = "$(TARGET_NAME)";
				STRING_CATALOG_GENERATE_SYMBOLS = YES;
				SWIFT_APPROACHABLE_CONCURRENCY = YES;
				SWIFT_DEFAULT_ACTOR_ISOLATION = MainActor;
				SWIFT_EMIT_LOC_STRINGS = YES;
				SWIFT_OBJC_BRIDGING_HEADER = "Squeeze/Squeeze-Bridging-Header.h";
				SWIFT_UPCOMING_FEATURE_MEMBER_IMPORT_VISIBILITY = YES;
				SWIFT_VERSION = 5.0;
				TARGETED_DEVICE_FAMILY = "1,2";
			};
			name = Debug;
		};
		C4C14CEA2FE4A1A700302452 /* Release */ = {
			isa = XCBuildConfiguration;
			buildSettings = {
				ASSETCATALOG_COMPILER_APPICON_NAME = AppIcon;
				ASSETCATALOG_COMPILER_GLOBAL_ACCENT_COLOR_NAME = AccentColor;
				CODE_SIGN_STYLE = Automatic;
				CURRENT_PROJECT_VERSION = 1;
				DEVELOPMENT_TEAM = 28H8VNDZM2;
				ENABLE_PREVIEWS = YES;
				ENABLE_USER_SCRIPT_SANDBOXING = NO;
				GENERATE_INFOPLIST_FILE = YES;
				HEADER_SEARCH_PATHS = "$(SRCROOT)/../../";
				INFOPLIST_KEY_LSApplicationCategoryType = "public.app-category.utilities";
				INFOPLIST_KEY_NSPhotoLibraryUsageDescription = "Squeeze needs access to your photo library to browse and work with your media.";
				INFOPLIST_KEY_UIApplicationSceneManifest_Generation = YES;
				INFOPLIST_KEY_UIApplicationSupportsIndirectInputEvents = YES;
				INFOPLIST_KEY_UILaunchScreen_Generation = YES;
				"INFOPLIST_KEY_UIStatusBarStyle[sdk=iphoneos*]" = UIStatusBarStyleDefault;
				"INFOPLIST_KEY_UIStatusBarStyle[sdk=iphonesimulator*]" = UIStatusBarStyleDefault;
				INFOPLIST_KEY_UISupportedInterfaceOrientations_iPad = "UIInterfaceOrientationPortrait UIInterfaceOrientationPortraitUpsideDown UIInterfaceOrientationLandscapeLeft UIInterfaceOrientationLandscapeRight";
				INFOPLIST_KEY_UISupportedInterfaceOrientations_iPhone = "UIInterfaceOrientationPortrait UIInterfaceOrientationLandscapeLeft UIInterfaceOrientationLandscapeRight";
				LD_RUNPATH_SEARCH_PATHS = (
					"$(inherited)",
					"@executable_path/Frameworks",
				);
				LIBRARY_SEARCH_PATHS = "$(BUILT_PRODUCTS_DIR)";
				MARKETING_VERSION = 1.0;
				OTHER_LDFLAGS = "-lsqueeze_core";
				PRODUCT_BUNDLE_IDENTIFIER = com.caquilloapps.Squeeze;
				PRODUCT_NAME = "$(TARGET_NAME)";
				STRING_CATALOG_GENERATE_SYMBOLS = YES;
				SWIFT_APPROACHABLE_CONCURRENCY = YES;
				SWIFT_DEFAULT_ACTOR_ISOLATION = MainActor;
				SWIFT_EMIT_LOC_STRINGS = YES;
				SWIFT_OBJC_BRIDGING_HEADER = "Squeeze/Squeeze-Bridging-Header.h";
				SWIFT_UPCOMING_FEATURE_MEMBER_IMPORT_VISIBILITY = YES;
				SWIFT_VERSION = 5.0;
				TARGETED_DEVICE_FAMILY = "1,2";
			};
			name = Release;
		};
		C4C14CEC2FE4A1A700302452 /* Debug */ = {
			isa = XCBuildConfiguration;
			buildSettings = {
				BUNDLE_LOADER = "$(TEST_HOST)";
				CODE_SIGN_STYLE = Automatic;
				CURRENT_PROJECT_VERSION = 1;
				DEVELOPMENT_TEAM = 28H8VNDZM2;
				GENERATE_INFOPLIST_FILE = YES;
				IPHONEOS_DEPLOYMENT_TARGET = 26.4;
				MARKETING_VERSION = 1.0;
				PRODUCT_BUNDLE_IDENTIFIER = com.caquilloapps.SqueezeTests;
				PRODUCT_NAME = "$(TARGET_NAME)";
				STRING_CATALOG_GENERATE_SYMBOLS = NO;
				SWIFT_APPROACHABLE_CONCURRENCY = YES;
				SWIFT_EMIT_LOC_STRINGS = NO;
				SWIFT_UPCOMING_FEATURE_MEMBER_IMPORT_VISIBILITY = YES;
				SWIFT_VERSION = 5.0;
				TARGETED_DEVICE_FAMILY = "1,2";
				TEST_HOST = "$(BUILT_PRODUCTS_DIR)/Squeeze.app/$(BUNDLE_EXECUTABLE_FOLDER_PATH)/Squeeze";
			};
			name = Debug;
		};
		C4C14CED2FE4A1A700302452 /* Release */ = {
			isa = XCBuildConfiguration;
			buildSettings = {
				BUNDLE_LOADER = "$(TEST_HOST)";
				CODE_SIGN_STYLE = Automatic;
				CURRENT_PROJECT_VERSION = 1;
				DEVELOPMENT_TEAM = 28H8VNDZM2;
				GENERATE_INFOPLIST_FILE = YES;
				IPHONEOS_DEPLOYMENT_TARGET = 26.4;
				MARKETING_VERSION = 1.0;
				PRODUCT_BUNDLE_IDENTIFIER = com.caquilloapps.SqueezeTests;
				PRODUCT_NAME = "$(TARGET_NAME)";
				STRING_CATALOG_GENERATE_SYMBOLS = NO;
				SWIFT_APPROACHABLE_CONCURRENCY = YES;
				SWIFT_EMIT_LOC_STRINGS = NO;
				SWIFT_UPCOMING_FEATURE_MEMBER_IMPORT_VISIBILITY = YES;
				SWIFT_VERSION = 5.0;
				TARGETED_DEVICE_FAMILY = "1,2";
				TEST_HOST = "$(BUILT_PRODUCTS_DIR)/Squeeze.app/$(BUNDLE_EXECUTABLE_FOLDER_PATH)/Squeeze";
			};
			name = Release;
		};
		C4C14CEF2FE4A1A700302452 /* Debug */ = {
			isa = XCBuildConfiguration;
			buildSettings = {
				CODE_SIGN_STYLE = Automatic;
				CURRENT_PROJECT_VERSION = 1;
				DEVELOPMENT_TEAM = 28H8VNDZM2;
				GENERATE_INFOPLIST_FILE = YES;
				MARKETING_VERSION = 1.0;
				PRODUCT_BUNDLE_IDENTIFIER = com.caquilloapps.SqueezeUITests;
				PRODUCT_NAME = "$(TARGET_NAME)";
				STRING_CATALOG_GENERATE_SYMBOLS = NO;
				SWIFT_APPROACHABLE_CONCURRENCY = YES;
				SWIFT_EMIT_LOC_STRINGS = NO;
				SWIFT_UPCOMING_FEATURE_MEMBER_IMPORT_VISIBILITY = YES;
				SWIFT_VERSION = 5.0;
				TARGETED_DEVICE_FAMILY = "1,2";
				TEST_TARGET_NAME = Squeeze;
			};
			name = Debug;
		};
		C4C14CF02FE4A1A700302452 /* Release */ = {
			isa = XCBuildConfiguration;
			buildSettings = {
				CODE_SIGN_STYLE = Automatic;
				CURRENT_PROJECT_VERSION = 1;
				DEVELOPMENT_TEAM = 28H8VNDZM2;
				GENERATE_INFOPLIST_FILE = YES;
				MARKETING_VERSION = 1.0;
				PRODUCT_BUNDLE_IDENTIFIER = com.caquilloapps.SqueezeUITests;
				PRODUCT_NAME = "$(TARGET_NAME)";
				STRING_CATALOG_GENERATE_SYMBOLS = NO;
				SWIFT_APPROACHABLE_CONCURRENCY = YES;
				SWIFT_EMIT_LOC_STRINGS = NO;
				SWIFT_UPCOMING_FEATURE_MEMBER_IMPORT_VISIBILITY = YES;
				SWIFT_VERSION = 5.0;
				TARGETED_DEVICE_FAMILY = "1,2";
				TEST_TARGET_NAME = Squeeze;
			};
			name = Release;
		};
/* End XCBuildConfiguration section */

/* Begin XCConfigurationList section */
		C4C14CC22FE4A1A600302452 /* Build configuration list for PBXProject "Squeeze" */ = {
			isa = XCConfigurationList;
			buildConfigurations = (
				C4C14CE62FE4A1A700302452 /* Debug */,
				C4C14CE72FE4A1A700302452 /* Release */,
			);
			defaultConfigurationIsVisible = 0;
			defaultConfigurationName = Release;
		};
		C4C14CE82FE4A1A700302452 /* Build configuration list for PBXNativeTarget "Squeeze" */ = {
			isa = XCConfigurationList;
			buildConfigurations = (
				C4C14CE92FE4A1A700302452 /* Debug */,
				C4C14CEA2FE4A1A700302452 /* Release */,
			);
			defaultConfigurationIsVisible = 0;
			defaultConfigurationName = Release;
		};
		C4C14CEB2FE4A1A700302452 /* Build configuration list for PBXNativeTarget "SqueezeTests" */ = {
			isa = XCConfigurationList;
			buildConfigurations = (
				C4C14CEC2FE4A1A700302452 /* Debug */,
				C4C14CED2FE4A1A700302452 /* Release */,
			);
			defaultConfigurationIsVisible = 0;
			defaultConfigurationName = Release;
		};
		C4C14CEE2FE4A1A700302452 /* Build configuration list for PBXNativeTarget "SqueezeUITests" */ = {
			isa = XCConfigurationList;
			buildConfigurations = (
				C4C14CEF2FE4A1A700302452 /* Debug */,
				C4C14CF02FE4A1A700302452 /* Release */,
			);
			defaultConfigurationIsVisible = 0;
			defaultConfigurationName = Release;
		};
/* End XCConfigurationList section */
	};
	rootObject = C4C14CBF2FE4A1A600302452 /* Project object */;
}
